<Solution>
  <Folder Name="/src/">
    <Project Path="src/ColdNet.SecretTool/ColdNet.SecretTool.csproj" />
    <Project Path="src/ColdNet.SignTool/ColdNet.SignTool.csproj" />
  </Folder>
  <Folder Name="/tests/">
    <Project Path="tests/ColdNet.Core.Tests/ColdNet.Core.Tests.csproj" />
    <Project Path="tests/ColdNet.Engine.Tests/ColdNet.Engine.Tests.csproj" />
    <Project Path="tests/ColdNet.TestPlugin/ColdNet.TestPlugin.csproj" />
  </Folder>
</Solution>
